
Microsoft Visual Studio Solution File, Format Version 12.00
# Visual Studio 2012
EndProject
Global
	GlobalSection(SolutionConfigurationPlatforms) = preSolution
		Debug|Any CPU = Debug|Any CPU
		Release|Any CPU = Release|Any CPU
	EndGlobalSection
	GlobalSection(ProjectConfigurationPlatforms) = postSolution
		{AAA8A1AD-E6BD-4896-A4DD-8C85E133CC6B}.Debug|Any CPU.ActiveCfg = Debug|Any CPU
		{AAA8A1AD-E6BD-4896-A4DD-8C85E133CC6B}.Debug|Any CPU.Build.0 = Debug|Any CPU
		{AAA8A1AD-E6BD-4896-A4DD-8C85E133CC6B}.Release|Any CPU.ActiveCfg = Release|Any CPU
		{AAA8A1AD-E6BD-4896-A4DD-8C85E133CC6B}.Release|Any CPU.Build.0 = Release|Any CPU
	EndGlobalSection
	GlobalSection(SolutionProperties) = preSolution
		HideSolutionNode = FALSE
	EndGlobalSection
EndGlobal
